
Microsoft Visual Studio Solution File, Format Version 12.00
# Visual Studio Version 17
VisualStudioVersion = 17.14.36603.0
MinimumVisualStudioVersion = 10.0.40219.1
Project("{FAE04EC0-301F-11D3-BF4B-00C04F79EFBC}") = "P9_714240062", "P9_714240062\P9_714240062.csproj", "{7ECBADCF-50CC-4EF5-87BC-377E9E44297B}"
EndProject
Global
	GlobalSection(SolutionConfigurationPlatforms) = preSolution
		Debug|Any CPU = Debug|Any CPU
		Release|Any CPU = Release|Any CPU
	EndGlobalSection
	GlobalSection(ProjectConfigurationPlatforms) = postSolution
		{7ECBADCF-50CC-4EF5-87BC-377E9E44297B}.Debug|Any CPU.ActiveCfg = Debug|Any CPU
		{7ECBADCF-50CC-4EF5-87BC-377E9E44297B}.Debug|Any CPU.Build.0 = Debug|Any CPU
		{7ECBADCF-50CC-4EF5-87BC-377E9E44297B}.Release|Any CPU.ActiveCfg = Release|Any CPU
		{7ECBADCF-50CC-4EF5-87BC-377E9E44297B}.Release|Any CPU.Build.0 = Release|Any CPU
	EndGlobalSection
	GlobalSection(SolutionProperties) = preSolution
		HideSolutionNode = FALSE
	EndGlobalSection
	GlobalSection(ExtensibilityGlobals) = postSolution
		SolutionGuid = {3BA4006E-34EC-4D0E-9E63-8AB2DF581FE5}
	EndGlobalSection
EndGlobal
