
Microsoft Visual Studio Solution File, Format Version 12.00
# Visual Studio Version 17
VisualStudioVersion = 17.14.36623.8 d17.14
MinimumVisualStudioVersion = 10.0.40219.1
Project("{FAE04EC0-301F-11D3-BF4B-00C04F79EFBC}") = "P1_714240062", "P1_714240062\P1_714240062.csproj", "{19CCBB2D-43BF-4AEA-BA02-0249EF0DE5B9}"
EndProject
Global
	GlobalSection(SolutionConfigurationPlatforms) = preSolution
		Debug|Any CPU = Debug|Any CPU
		Release|Any CPU = Release|Any CPU
	EndGlobalSection
	GlobalSection(ProjectConfigurationPlatforms) = postSolution
		{19CCBB2D-43BF-4AEA-BA02-0249EF0DE5B9}.Debug|Any CPU.ActiveCfg = Debug|Any CPU
		{19CCBB2D-43BF-4AEA-BA02-0249EF0DE5B9}.Debug|Any CPU.Build.0 = Debug|Any CPU
		{19CCBB2D-43BF-4AEA-BA02-0249EF0DE5B9}.Release|Any CPU.ActiveCfg = Release|Any CPU
		{19CCBB2D-43BF-4AEA-BA02-0249EF0DE5B9}.Release|Any CPU.Build.0 = Release|Any CPU
	EndGlobalSection
	GlobalSection(SolutionProperties) = preSolution
		HideSolutionNode = FALSE
	EndGlobalSection
	GlobalSection(ExtensibilityGlobals) = postSolution
		SolutionGuid = {5646925E-0158-44B1-A6F3-7B4F5F5DE42C}
	EndGlobalSection
EndGlobal
