
Microsoft Visual Studio Solution File, Format Version 12.00
# Visual Studio Version 17
VisualStudioVersion = 17.14.36623.8 d17.14
MinimumVisualStudioVersion = 10.0.40219.1
Project("{FAE04EC0-301F-11D3-BF4B-00C04F79EFBC}") = "P6_1_714240062", "P6_1_714240062\P6_1_714240062.csproj", "{9D5C099C-F847-4DBD-800E-0D3222A1EE4B}"
EndProject
Global
	GlobalSection(SolutionConfigurationPlatforms) = preSolution
		Debug|Any CPU = Debug|Any CPU
		Release|Any CPU = Release|Any CPU
	EndGlobalSection
	GlobalSection(ProjectConfigurationPlatforms) = postSolution
		{9D5C099C-F847-4DBD-800E-0D3222A1EE4B}.Debug|Any CPU.ActiveCfg = Debug|Any CPU
		{9D5C099C-F847-4DBD-800E-0D3222A1EE4B}.Debug|Any CPU.Build.0 = Debug|Any CPU
		{9D5C099C-F847-4DBD-800E-0D3222A1EE4B}.Release|Any CPU.ActiveCfg = Release|Any CPU
		{9D5C099C-F847-4DBD-800E-0D3222A1EE4B}.Release|Any CPU.Build.0 = Release|Any CPU
	EndGlobalSection
	GlobalSection(SolutionProperties) = preSolution
		HideSolutionNode = FALSE
	EndGlobalSection
	GlobalSection(ExtensibilityGlobals) = postSolution
		SolutionGuid = {F0651160-44F5-4CA9-A05E-36C3EA93F655}
	EndGlobalSection
EndGlobal
